
Microsoft Visual Studio Solution File, Format Version 12.00
# Visual Studio 14
VisualStudioVersion = 14.0.25420.1
MinimumVisualStudioVersion = 10.0.40219.1
Project("{2150E333-8FDC-42A3-9474-1A3956D46DE8}") = "Test", "Test", "{F107E4CA-4572-42F9-88F2-F668FAF9A6A6}"
EndProject
Project("{2150E333-8FDC-42A3-9474-1A3956D46DE8}") = "Sample", "Sample", "{5CF25FAB-DE07-42CB-8A04-7676E883A6E0}"
EndProject
Project("{2150E333-8FDC-42A3-9474-1A3956D46DE8}") = "Lib", "Lib", "{244CC753-DE38-4E87-971C-236AC8F863D5}"
EndProject
Project("{FAE04EC0-301F-11D3-BF4B-00C04F79EFBC}") = "Xamariners.DataSync.Client", "Lib\Xamariners.DataSync.Client\Xamariners.DataSync.Client.csproj", "{96E0FBDC-7645-4BFD-8D20-657A17C96E72}"
EndProject
Project("{FAE04EC0-301F-11D3-BF4B-00C04F79EFBC}") = "Xamariners.DataSync.Server", "Lib\Xamariners.DataSync.Server\Xamariners.DataSync.Server.csproj", "{F5AADD1B-6A8A-4B26-AA8E-220A569EAEE1}"
EndProject
Project("{FAE04EC0-301F-11D3-BF4B-00C04F79EFBC}") = "Xamariners.DataSync.Sample.API", "Sample\Xamariners.DataSync.Sample.API\Xamariners.DataSync.Sample.API.csproj", "{1F42882E-754F-4D4B-8370-204D4F849B1F}"
EndProject
Project("{FAE04EC0-301F-11D3-BF4B-00C04F79EFBC}") = "Xamariners.DataSync.Sample", "Sample\Xamariners.DataSync.Sample\Xamariners.DataSync.Sample\Xamariners.DataSync.Sample.csproj", "{5A023BC9-848B-49ED-A85C-BAB1C9A328CD}"
EndProject
Project("{FAE04EC0-301F-11D3-BF4B-00C04F79EFBC}") = "Xamariners.DataSync.Sample.Droid", "Sample\Xamariners.DataSync.Sample\Xamariners.DataSync.Sample.Droid\Xamariners.DataSync.Sample.Droid.csproj", "{A653B957-DAE4-49DC-8039-61FC2642BC2B}"
EndProject
Project("{FAE04EC0-301F-11D3-BF4B-00C04F79EFBC}") = "Xamariners.DataSync.Sample.iOS", "Sample\Xamariners.DataSync.Sample\Xamariners.DataSync.Sample.iOS\Xamariners.DataSync.Sample.iOS.csproj", "{46787BCB-B441-418B-8DDB-0644E167BB74}"
EndProject
Project("{FAE04EC0-301F-11D3-BF4B-00C04F79EFBC}") = "Xamariners.DataSync.Sample.UWP", "Sample\Xamariners.DataSync.Sample\Xamariners.DataSync.Sample.UWP\Xamariners.DataSync.Sample.UWP.csproj", "{A890A1D4-A66B-407F-A358-D08961C1B704}"
EndProject
Project("{FAE04EC0-301F-11D3-BF4B-00C04F79EFBC}") = "Xamariners.DataSync.UnitTest", "Test\Xamariners.DataSync.UnitTest\Xamariners.DataSync.UnitTest.csproj", "{ABA690F1-DA06-42B1-B3BE-03F857386EA7}"
EndProject
Project("{FAE04EC0-301F-11D3-BF4B-00C04F79EFBC}") = "Xamariners.DataSync.Common", "Lib\Xamariners.DataSync.Common\Xamariners.DataSync.Common.csproj", "{D6998195-076C-4765-9BEE-460923652081}"
EndProject
Global
	GlobalSection(SolutionConfigurationPlatforms) = preSolution
		Ad-Hoc|Any CPU = Ad-Hoc|Any CPU
		Ad-Hoc|ARM = Ad-Hoc|ARM
		Ad-Hoc|iPhone = Ad-Hoc|iPhone
		Ad-Hoc|iPhoneSimulator = Ad-Hoc|iPhoneSimulator
		Ad-Hoc|x64 = Ad-Hoc|x64
		Ad-Hoc|x86 = Ad-Hoc|x86
		AppStore|Any CPU = AppStore|Any CPU
		AppStore|ARM = AppStore|ARM
		AppStore|iPhone = AppStore|iPhone
		AppStore|iPhoneSimulator = AppStore|iPhoneSimulator
		AppStore|x64 = AppStore|x64
		AppStore|x86 = AppStore|x86
		Debug|Any CPU = Debug|Any CPU
		Debug|ARM = Debug|ARM
		Debug|iPhone = Debug|iPhone
		Debug|iPhoneSimulator = Debug|iPhoneSimulator
		Debug|x64 = Debug|x64
		Debug|x86 = Debug|x86
		Release|Any CPU = Release|Any CPU
		Release|ARM = Release|ARM
		Release|iPhone = Release|iPhone
		Release|iPhoneSimulator = Release|iPhoneSimulator
		Release|x64 = Release|x64
		Release|x86 = Release|x86
	EndGlobalSection
	GlobalSection(ProjectConfigurationPlatforms) = postSolution
		{96E0FBDC-7645-4BFD-8D20-657A17C96E72}.Ad-Hoc|Any CPU.ActiveCfg = Release|Any CPU
		{96E0FBDC-7645-4BFD-8D20-657A17C96E72}.Ad-Hoc|Any CPU.Build.0 = Release|Any CPU
		{96E0FBDC-7645-4BFD-8D20-657A17C96E72}.Ad-Hoc|ARM.ActiveCfg = Release|Any CPU
		{96E0FBDC-7645-4BFD-8D20-657A17C96E72}.Ad-Hoc|ARM.Build.0 = Release|Any CPU
		{96E0FBDC-7645-4BFD-8D20-657A17C96E72}.Ad-Hoc|iPhone.ActiveCfg = Release|Any CPU
		{96E0FBDC-7645-4BFD-8D20-657A17C96E72}.Ad-Hoc|iPhone.Build.0 = Release|Any CPU
		{96E0FBDC-7645-4BFD-8D20-657A17C96E72}.Ad-Hoc|iPhoneSimulator.ActiveCfg = Release|Any CPU
		{96E0FBDC-7645-4BFD-8D20-657A17C96E72}.Ad-Hoc|iPhoneSimulator.Build.0 = Release|Any CPU
		{96E0FBDC-7645-4BFD-8D20-657A17C96E72}.Ad-Hoc|x64.ActiveCfg = Release|Any CPU
		{96E0FBDC-7645-4BFD-8D20-657A17C96E72}.Ad-Hoc|x64.Build.0 = Release|Any CPU
		{96E0FBDC-7645-4BFD-8D20-657A17C96E72}.Ad-Hoc|x86.ActiveCfg = Release|Any CPU
		{96E0FBDC-7645-4BFD-8D20-657A17C96E72}.Ad-Hoc|x86.Build.0 = Release|Any CPU
		{96E0FBDC-7645-4BFD-8D20-657A17C96E72}.AppStore|Any CPU.ActiveCfg = Release|Any CPU
		{96E0FBDC-7645-4BFD-8D20-657A17C96E72}.AppStore|Any CPU.Build.0 = Release|Any CPU
		{96E0FBDC-7645-4BFD-8D20-657A17C96E72}.AppStore|ARM.ActiveCfg = Release|Any CPU
		{96E0FBDC-7645-4BFD-8D20-657A17C96E72}.AppStore|ARM.Build.0 = Release|Any CPU
		{96E0FBDC-7645-4BFD-8D20-657A17C96E72}.AppStore|iPhone.ActiveCfg = Release|Any CPU
		{96E0FBDC-7645-4BFD-8D20-657A17C96E72}.AppStore|iPhone.Build.0 = Release|Any CPU
		{96E0FBDC-7645-4BFD-8D20-657A17C96E72}.AppStore|iPhoneSimulator.ActiveCfg = Release|Any CPU
		{96E0FBDC-7645-4BFD-8D20-657A17C96E72}.AppStore|iPhoneSimulator.Build.0 = Release|Any CPU
		{96E0FBDC-7645-4BFD-8D20-657A17C96E72}.AppStore|x64.ActiveCfg = Release|Any CPU
		{96E0FBDC-7645-4BFD-8D20-657A17C96E72}.AppStore|x64.Build.0 = Release|Any CPU
		{96E0FBDC-7645-4BFD-8D20-657A17C96E72}.AppStore|x86.ActiveCfg = Release|Any CPU
		{96E0FBDC-7645-4BFD-8D20-657A17C96E72}.AppStore|x86.Build.0 = Release|Any CPU
		{96E0FBDC-7645-4BFD-8D20-657A17C96E72}.Debug|Any CPU.ActiveCfg = Debug|Any CPU
		{96E0FBDC-7645-4BFD-8D20-657A17C96E72}.Debug|Any CPU.Build.0 = Debug|Any CPU
		{96E0FBDC-7645-4BFD-8D20-657A17C96E72}.Debug|ARM.ActiveCfg = Debug|Any CPU
		{96E0FBDC-7645-4BFD-8D20-657A17C96E72}.Debug|ARM.Build.0 = Debug|Any CPU
		{96E0FBDC-7645-4BFD-8D20-657A17C96E72}.Debug|iPhone.ActiveCfg = Debug|Any CPU
		{96E0FBDC-7645-4BFD-8D20-657A17C96E72}.Debug|iPhone.Build.0 = Debug|Any CPU
		{96E0FBDC-7645-4BFD-8D20-657A17C96E72}.Debug|iPhoneSimulator.ActiveCfg = Debug|Any CPU
		{96E0FBDC-7645-4BFD-8D20-657A17C96E72}.Debug|iPhoneSimulator.Build.0 = Debug|Any CPU
		{96E0FBDC-7645-4BFD-8D20-657A17C96E72}.Debug|x64.ActiveCfg = Debug|Any CPU
		{96E0FBDC-7645-4BFD-8D20-657A17C96E72}.Debug|x64.Build.0 = Debug|Any CPU
		{96E0FBDC-7645-4BFD-8D20-657A17C96E72}.Debug|x86.ActiveCfg = Debug|Any CPU
		{96E0FBDC-7645-4BFD-8D20-657A17C96E72}.Debug|x86.Build.0 = Debug|Any CPU
		{96E0FBDC-7645-4BFD-8D20-657A17C96E72}.Release|Any CPU.ActiveCfg = Release|Any CPU
		{96E0FBDC-7645-4BFD-8D20-657A17C96E72}.Release|Any CPU.Build.0 = Release|Any CPU
		{96E0FBDC-7645-4BFD-8D20-657A17C96E72}.Release|ARM.ActiveCfg = Release|Any CPU
		{96E0FBDC-7645-4BFD-8D20-657A17C96E72}.Release|ARM.Build.0 = Release|Any CPU
		{96E0FBDC-7645-4BFD-8D20-657A17C96E72}.Release|iPhone.ActiveCfg = Release|Any CPU
		{96E0FBDC-7645-4BFD-8D20-657A17C96E72}.Release|iPhone.Build.0 = Release|Any CPU
		{96E0FBDC-7645-4BFD-8D20-657A17C96E72}.Release|iPhoneSimulator.ActiveCfg = Release|Any CPU
		{96E0FBDC-7645-4BFD-8D20-657A17C96E72}.Release|iPhoneSimulator.Build.0 = Release|Any CPU
		{96E0FBDC-7645-4BFD-8D20-657A17C96E72}.Release|x64.ActiveCfg = Release|Any CPU
		{96E0FBDC-7645-4BFD-8D20-657A17C96E72}.Release|x64.Build.0 = Release|Any CPU
		{96E0FBDC-7645-4BFD-8D20-657A17C96E72}.Release|x86.ActiveCfg = Release|Any CPU
		{96E0FBDC-7645-4BFD-8D20-657A17C96E72}.Release|x86.Build.0 = Release|Any CPU
		{F5AADD1B-6A8A-4B26-AA8E-220A569EAEE1}.Ad-Hoc|Any CPU.ActiveCfg = Release|Any CPU
		{F5AADD1B-6A8A-4B26-AA8E-220A569EAEE1}.Ad-Hoc|Any CPU.Build.0 = Release|Any CPU
		{F5AADD1B-6A8A-4B26-AA8E-220A569EAEE1}.Ad-Hoc|ARM.ActiveCfg = Release|Any CPU
		{F5AADD1B-6A8A-4B26-AA8E-220A569EAEE1}.Ad-Hoc|ARM.Build.0 = Release|Any CPU
		{F5AADD1B-6A8A-4B26-AA8E-220A569EAEE1}.Ad-Hoc|iPhone.ActiveCfg = Release|Any CPU
		{F5AADD1B-6A8A-4B26-AA8E-220A569EAEE1}.Ad-Hoc|iPhone.Build.0 = Release|Any CPU
		{F5AADD1B-6A8A-4B26-AA8E-220A569EAEE1}.Ad-Hoc|iPhoneSimulator.ActiveCfg = Release|Any CPU
		{F5AADD1B-6A8A-4B26-AA8E-220A569EAEE1}.Ad-Hoc|iPhoneSimulator.Build.0 = Release|Any CPU
		{F5AADD1B-6A8A-4B26-AA8E-220A569EAEE1}.Ad-Hoc|x64.ActiveCfg = Release|Any CPU
		{F5AADD1B-6A8A-4B26-AA8E-220A569EAEE1}.Ad-Hoc|x64.Build.0 = Release|Any CPU
		{F5AADD1B-6A8A-4B26-AA8E-220A569EAEE1}.Ad-Hoc|x86.ActiveCfg = Release|Any CPU
		{F5AADD1B-6A8A-4B26-AA8E-220A569EAEE1}.Ad-Hoc|x86.Build.0 = Release|Any CPU
		{F5AADD1B-6A8A-4B26-AA8E-220A569EAEE1}.AppStore|Any CPU.ActiveCfg = Release|Any CPU
		{F5AADD1B-6A8A-4B26-AA8E-220A569EAEE1}.AppStore|Any CPU.Build.0 = Release|Any CPU
		{F5AADD1B-6A8A-4B26-AA8E-220A569EAEE1}.AppStore|ARM.ActiveCfg = Release|Any CPU
		{F5AADD1B-6A8A-4B26-AA8E-220A569EAEE1}.AppStore|ARM.Build.0 = Release|Any CPU
		{F5AADD1B-6A8A-4B26-AA8E-220A569EAEE1}.AppStore|iPhone.ActiveCfg = Release|Any CPU
		{F5AADD1B-6A8A-4B26-AA8E-220A569EAEE1}.AppStore|iPhone.Build.0 = Release|Any CPU
		{F5AADD1B-6A8A-4B26-AA8E-220A569EAEE1}.AppStore|iPhoneSimulator.ActiveCfg = Release|Any CPU
		{F5AADD1B-6A8A-4B26-AA8E-220A569EAEE1}.AppStore|iPhoneSimulator.Build.0 = Release|Any CPU
		{F5AADD1B-6A8A-4B26-AA8E-220A569EAEE1}.AppStore|x64.ActiveCfg = Release|Any CPU
		{F5AADD1B-6A8A-4B26-AA8E-220A569EAEE1}.AppStore|x64.Build.0 = Release|Any CPU
		{F5AADD1B-6A8A-4B26-AA8E-220A569EAEE1}.AppStore|x86.ActiveCfg = Release|Any CPU
		{F5AADD1B-6A8A-4B26-AA8E-220A569EAEE1}.AppStore|x86.Build.0 = Release|Any CPU
		{F5AADD1B-6A8A-4B26-AA8E-220A569EAEE1}.Debug|Any CPU.ActiveCfg = Debug|Any CPU
		{F5AADD1B-6A8A-4B26-AA8E-220A569EAEE1}.Debug|Any CPU.Build.0 = Debug|Any CPU
		{F5AADD1B-6A8A-4B26-AA8E-220A569EAEE1}.Debug|ARM.ActiveCfg = Debug|Any CPU
		{F5AADD1B-6A8A-4B26-AA8E-220A569EAEE1}.Debug|ARM.Build.0 = Debug|Any CPU
		{F5AADD1B-6A8A-4B26-AA8E-220A569EAEE1}.Debug|iPhone.ActiveCfg = Debug|Any CPU
		{F5AADD1B-6A8A-4B26-AA8E-220A569EAEE1}.Debug|iPhone.Build.0 = Debug|Any CPU
		{F5AADD1B-6A8A-4B26-AA8E-220A569EAEE1}.Debug|iPhoneSimulator.ActiveCfg = Debug|Any CPU
		{F5AADD1B-6A8A-4B26-AA8E-220A569EAEE1}.Debug|iPhoneSimulator.Build.0 = Debug|Any CPU
		{F5AADD1B-6A8A-4B26-AA8E-220A569EAEE1}.Debug|x64.ActiveCfg = Debug|Any CPU
		{F5AADD1B-6A8A-4B26-AA8E-220A569EAEE1}.Debug|x64.Build.0 = Debug|Any CPU
		{F5AADD1B-6A8A-4B26-AA8E-220A569EAEE1}.Debug|x86.ActiveCfg = Debug|Any CPU
		{F5AADD1B-6A8A-4B26-AA8E-220A569EAEE1}.Debug|x86.Build.0 = Debug|Any CPU
		{F5AADD1B-6A8A-4B26-AA8E-220A569EAEE1}.Release|Any CPU.ActiveCfg = Release|Any CPU
		{F5AADD1B-6A8A-4B26-AA8E-220A569EAEE1}.Release|Any CPU.Build.0 = Release|Any CPU
		{F5AADD1B-6A8A-4B26-AA8E-220A569EAEE1}.Release|ARM.ActiveCfg = Release|Any CPU
		{F5AADD1B-6A8A-4B26-AA8E-220A569EAEE1}.Release|ARM.Build.0 = Release|Any CPU
		{F5AADD1B-6A8A-4B26-AA8E-220A569EAEE1}.Release|iPhone.ActiveCfg = Release|Any CPU
		{F5AADD1B-6A8A-4B26-AA8E-220A569EAEE1}.Release|iPhone.Build.0 = Release|Any CPU
		{F5AADD1B-6A8A-4B26-AA8E-220A569EAEE1}.Release|iPhoneSimulator.ActiveCfg = Release|Any CPU
		{F5AADD1B-6A8A-4B26-AA8E-220A569EAEE1}.Release|iPhoneSimulator.Build.0 = Release|Any CPU
		{F5AADD1B-6A8A-4B26-AA8E-220A569EAEE1}.Release|x64.ActiveCfg = Release|Any CPU
		{F5AADD1B-6A8A-4B26-AA8E-220A569EAEE1}.Release|x64.Build.0 = Release|Any CPU
		{F5AADD1B-6A8A-4B26-AA8E-220A569EAEE1}.Release|x86.ActiveCfg = Release|Any CPU
		{F5AADD1B-6A8A-4B26-AA8E-220A569EAEE1}.Release|x86.Build.0 = Release|Any CPU
		{1F42882E-754F-4D4B-8370-204D4F849B1F}.Ad-Hoc|Any CPU.ActiveCfg = Release|Any CPU
		{1F42882E-754F-4D4B-8370-204D4F849B1F}.Ad-Hoc|Any CPU.Build.0 = Release|Any CPU
		{1F42882E-754F-4D4B-8370-204D4F849B1F}.Ad-Hoc|ARM.ActiveCfg = Release|Any CPU
		{1F42882E-754F-4D4B-8370-204D4F849B1F}.Ad-Hoc|ARM.Build.0 = Release|Any CPU
		{1F42882E-754F-4D4B-8370-204D4F849B1F}.Ad-Hoc|iPhone.ActiveCfg = Release|Any CPU
		{1F42882E-754F-4D4B-8370-204D4F849B1F}.Ad-Hoc|iPhone.Build.0 = Release|Any CPU
		{1F42882E-754F-4D4B-8370-204D4F849B1F}.Ad-Hoc|iPhoneSimulator.ActiveCfg = Release|Any CPU
		{1F42882E-754F-4D4B-8370-204D4F849B1F}.Ad-Hoc|iPhoneSimulator.Build.0 = Release|Any CPU
		{1F42882E-754F-4D4B-8370-204D4F849B1F}.Ad-Hoc|x64.ActiveCfg = Release|Any CPU
		{1F42882E-754F-4D4B-8370-204D4F849B1F}.Ad-Hoc|x64.Build.0 = Release|Any CPU
		{1F42882E-754F-4D4B-8370-204D4F849B1F}.Ad-Hoc|x86.ActiveCfg = Release|Any CPU
		{1F42882E-754F-4D4B-8370-204D4F849B1F}.Ad-Hoc|x86.Build.0 = Release|Any CPU
		{1F42882E-754F-4D4B-8370-204D4F849B1F}.AppStore|Any CPU.ActiveCfg = Release|Any CPU
		{1F42882E-754F-4D4B-8370-204D4F849B1F}.AppStore|Any CPU.Build.0 = Release|Any CPU
		{1F42882E-754F-4D4B-8370-204D4F849B1F}.AppStore|ARM.ActiveCfg = Release|Any CPU
		{1F42882E-754F-4D4B-8370-204D4F849B1F}.AppStore|ARM.Build.0 = Release|Any CPU
		{1F42882E-754F-4D4B-8370-204D4F849B1F}.AppStore|iPhone.ActiveCfg = Release|Any CPU
		{1F42882E-754F-4D4B-8370-204D4F849B1F}.AppStore|iPhone.Build.0 = Release|Any CPU
		{1F42882E-754F-4D4B-8370-204D4F849B1F}.AppStore|iPhoneSimulator.ActiveCfg = Release|Any CPU
		{1F42882E-754F-4D4B-8370-204D4F849B1F}.AppStore|iPhoneSimulator.Build.0 = Release|Any CPU
		{1F42882E-754F-4D4B-8370-204D4F849B1F}.AppStore|x64.ActiveCfg = Release|Any CPU
		{1F42882E-754F-4D4B-8370-204D4F849B1F}.AppStore|x64.Build.0 = Release|Any CPU
		{1F42882E-754F-4D4B-8370-204D4F849B1F}.AppStore|x86.ActiveCfg = Release|Any CPU
		{1F42882E-754F-4D4B-8370-204D4F849B1F}.AppStore|x86.Build.0 = Release|Any CPU
		{1F42882E-754F-4D4B-8370-204D4F849B1F}.Debug|Any CPU.ActiveCfg = Debug|Any CPU
		{1F42882E-754F-4D4B-8370-204D4F849B1F}.Debug|Any CPU.Build.0 = Debug|Any CPU
		{1F42882E-754F-4D4B-8370-204D4F849B1F}.Debug|ARM.ActiveCfg = Debug|Any CPU
		{1F42882E-754F-4D4B-8370-204D4F849B1F}.Debug|ARM.Build.0 = Debug|Any CPU
		{1F42882E-754F-4D4B-8370-204D4F849B1F}.Debug|iPhone.ActiveCfg = Debug|Any CPU
		{1F42882E-754F-4D4B-8370-204D4F849B1F}.Debug|iPhone.Build.0 = Debug|Any CPU
		{1F42882E-754F-4D4B-8370-204D4F849B1F}.Debug|iPhoneSimulator.ActiveCfg = Debug|Any CPU
		{1F42882E-754F-4D4B-8370-204D4F849B1F}.Debug|iPhoneSimulator.Build.0 = Debug|Any CPU
		{1F42882E-754F-4D4B-8370-204D4F849B1F}.Debug|x64.ActiveCfg = Debug|Any CPU
		{1F42882E-754F-4D4B-8370-204D4F849B1F}.Debug|x64.Build.0 = Debug|Any CPU
		{1F42882E-754F-4D4B-8370-204D4F849B1F}.Debug|x86.ActiveCfg = Debug|Any CPU
		{1F42882E-754F-4D4B-8370-204D4F849B1F}.Debug|x86.Build.0 = Debug|Any CPU
		{1F42882E-754F-4D4B-8370-204D4F849B1F}.Release|Any CPU.ActiveCfg = Release|Any CPU
		{1F42882E-754F-4D4B-8370-204D4F849B1F}.Release|Any CPU.Build.0 = Release|Any CPU
		{1F42882E-754F-4D4B-8370-204D4F849B1F}.Release|ARM.ActiveCfg = Release|Any CPU
		{1F42882E-754F-4D4B-8370-204D4F849B1F}.Release|ARM.Build.0 = Release|Any CPU
		{1F42882E-754F-4D4B-8370-204D4F849B1F}.Release|iPhone.ActiveCfg = Release|Any CPU
		{1F42882E-754F-4D4B-8370-204D4F849B1F}.Release|iPhone.Build.0 = Release|Any CPU
		{1F42882E-754F-4D4B-8370-204D4F849B1F}.Release|iPhoneSimulator.ActiveCfg = Release|Any CPU
		{1F42882E-754F-4D4B-8370-204D4F849B1F}.Release|iPhoneSimulator.Build.0 = Release|Any CPU
		{1F42882E-754F-4D4B-8370-204D4F849B1F}.Release|x64.ActiveCfg = Release|Any CPU
		{1F42882E-754F-4D4B-8370-204D4F849B1F}.Release|x64.Build.0 = Release|Any CPU
		{1F42882E-754F-4D4B-8370-204D4F849B1F}.Release|x86.ActiveCfg = Release|Any CPU
		{1F42882E-754F-4D4B-8370-204D4F849B1F}.Release|x86.Build.0 = Release|Any CPU
		{5A023BC9-848B-49ED-A85C-BAB1C9A328CD}.Ad-Hoc|Any CPU.ActiveCfg = Release|Any CPU
		{5A023BC9-848B-49ED-A85C-BAB1C9A328CD}.Ad-Hoc|Any CPU.Build.0 = Release|Any CPU
		{5A023BC9-848B-49ED-A85C-BAB1C9A328CD}.Ad-Hoc|ARM.ActiveCfg = Release|Any CPU
		{5A023BC9-848B-49ED-A85C-BAB1C9A328CD}.Ad-Hoc|ARM.Build.0 = Release|Any CPU
		{5A023BC9-848B-49ED-A85C-BAB1C9A328CD}.Ad-Hoc|iPhone.ActiveCfg = Release|Any CPU
		{5A023BC9-848B-49ED-A85C-BAB1C9A328CD}.Ad-Hoc|iPhone.Build.0 = Release|Any CPU
		{5A023BC9-848B-49ED-A85C-BAB1C9A328CD}.Ad-Hoc|iPhoneSimulator.ActiveCfg = Release|Any CPU
		{5A023BC9-848B-49ED-A85C-BAB1C9A328CD}.Ad-Hoc|iPhoneSimulator.Build.0 = Release|Any CPU
		{5A023BC9-848B-49ED-A85C-BAB1C9A328CD}.Ad-Hoc|x64.ActiveCfg = Release|Any CPU
		{5A023BC9-848B-49ED-A85C-BAB1C9A328CD}.Ad-Hoc|x64.Build.0 = Release|Any CPU
		{5A023BC9-848B-49ED-A85C-BAB1C9A328CD}.Ad-Hoc|x86.ActiveCfg = Release|Any CPU
		{5A023BC9-848B-49ED-A85C-BAB1C9A328CD}.Ad-Hoc|x86.Build.0 = Release|Any CPU
		{5A023BC9-848B-49ED-A85C-BAB1C9A328CD}.AppStore|Any CPU.ActiveCfg = Release|Any CPU
		{5A023BC9-848B-49ED-A85C-BAB1C9A328CD}.AppStore|Any CPU.Build.0 = Release|Any CPU
		{5A023BC9-848B-49ED-A85C-BAB1C9A328CD}.AppStore|ARM.ActiveCfg = Release|Any CPU
		{5A023BC9-848B-49ED-A85C-BAB1C9A328CD}.AppStore|ARM.Build.0 = Release|Any CPU
		{5A023BC9-848B-49ED-A85C-BAB1C9A328CD}.AppStore|iPhone.ActiveCfg = Release|Any CPU
		{5A023BC9-848B-49ED-A85C-BAB1C9A328CD}.AppStore|iPhone.Build.0 = Release|Any CPU
		{5A023BC9-848B-49ED-A85C-BAB1C9A328CD}.AppStore|iPhoneSimulator.ActiveCfg = Release|Any CPU
		{5A023BC9-848B-49ED-A85C-BAB1C9A328CD}.AppStore|iPhoneSimulator.Build.0 = Release|Any CPU
		{5A023BC9-848B-49ED-A85C-BAB1C9A328CD}.AppStore|x64.ActiveCfg = Release|Any CPU
		{5A023BC9-848B-49ED-A85C-BAB1C9A328CD}.AppStore|x64.Build.0 = Release|Any CPU
		{5A023BC9-848B-49ED-A85C-BAB1C9A328CD}.AppStore|x86.ActiveCfg = Release|Any CPU
		{5A023BC9-848B-49ED-A85C-BAB1C9A328CD}.AppStore|x86.Build.0 = Release|Any CPU
		{5A023BC9-848B-49ED-A85C-BAB1C9A328CD}.Debug|Any CPU.ActiveCfg = Debug|Any CPU
		{5A023BC9-848B-49ED-A85C-BAB1C9A328CD}.Debug|Any CPU.Build.0 = Debug|Any CPU
		{5A023BC9-848B-49ED-A85C-BAB1C9A328CD}.Debug|ARM.ActiveCfg = Debug|Any CPU
		{5A023BC9-848B-49ED-A85C-BAB1C9A328CD}.Debug|ARM.Build.0 = Debug|Any CPU
		{5A023BC9-848B-49ED-A85C-BAB1C9A328CD}.Debug|iPhone.ActiveCfg = Debug|Any CPU
		{5A023BC9-848B-49ED-A85C-BAB1C9A328CD}.Debug|iPhone.Build.0 = Debug|Any CPU
		{5A023BC9-848B-49ED-A85C-BAB1C9A328CD}.Debug|iPhoneSimulator.ActiveCfg = Debug|Any CPU
		{5A023BC9-848B-49ED-A85C-BAB1C9A328CD}.Debug|iPhoneSimulator.Build.0 = Debug|Any CPU
		{5A023BC9-848B-49ED-A85C-BAB1C9A328CD}.Debug|x64.ActiveCfg = Debug|Any CPU
		{5A023BC9-848B-49ED-A85C-BAB1C9A328CD}.Debug|x64.Build.0 = Debug|Any CPU
		{5A023BC9-848B-49ED-A85C-BAB1C9A328CD}.Debug|x86.ActiveCfg = Debug|Any CPU
		{5A023BC9-848B-49ED-A85C-BAB1C9A328CD}.Debug|x86.Build.0 = Debug|Any CPU
		{5A023BC9-848B-49ED-A85C-BAB1C9A328CD}.Release|Any CPU.ActiveCfg = Release|Any CPU
		{5A023BC9-848B-49ED-A85C-BAB1C9A328CD}.Release|Any CPU.Build.0 = Release|Any CPU
		{5A023BC9-848B-49ED-A85C-BAB1C9A328CD}.Release|ARM.ActiveCfg = Release|Any CPU
		{5A023BC9-848B-49ED-A85C-BAB1C9A328CD}.Release|ARM.Build.0 = Release|Any CPU
		{5A023BC9-848B-49ED-A85C-BAB1C9A328CD}.Release|iPhone.ActiveCfg = Release|Any CPU
		{5A023BC9-848B-49ED-A85C-BAB1C9A328CD}.Release|iPhone.Build.0 = Release|Any CPU
		{5A023BC9-848B-49ED-A85C-BAB1C9A328CD}.Release|iPhoneSimulator.ActiveCfg = Release|Any CPU
		{5A023BC9-848B-49ED-A85C-BAB1C9A328CD}.Release|iPhoneSimulator.Build.0 = Release|Any CPU
		{5A023BC9-848B-49ED-A85C-BAB1C9A328CD}.Release|x64.ActiveCfg = Release|Any CPU
		{5A023BC9-848B-49ED-A85C-BAB1C9A328CD}.Release|x64.Build.0 = Release|Any CPU
		{5A023BC9-848B-49ED-A85C-BAB1C9A328CD}.Release|x86.ActiveCfg = Release|Any CPU
		{5A023BC9-848B-49ED-A85C-BAB1C9A328CD}.Release|x86.Build.0 = Release|Any CPU
		{A653B957-DAE4-49DC-8039-61FC2642BC2B}.Ad-Hoc|Any CPU.ActiveCfg = Release|Any CPU
		{A653B957-DAE4-49DC-8039-61FC2642BC2B}.Ad-Hoc|Any CPU.Build.0 = Release|Any CPU
		{A653B957-DAE4-49DC-8039-61FC2642BC2B}.Ad-Hoc|Any CPU.Deploy.0 = Release|Any CPU
		{A653B957-DAE4-49DC-8039-61FC2642BC2B}.Ad-Hoc|ARM.ActiveCfg = Release|Any CPU
		{A653B957-DAE4-49DC-8039-61FC2642BC2B}.Ad-Hoc|ARM.Build.0 = Release|Any CPU
		{A653B957-DAE4-49DC-8039-61FC2642BC2B}.Ad-Hoc|ARM.Deploy.0 = Release|Any CPU
		{A653B957-DAE4-49DC-8039-61FC2642BC2B}.Ad-Hoc|iPhone.ActiveCfg = Release|Any CPU
		{A653B957-DAE4-49DC-8039-61FC2642BC2B}.Ad-Hoc|iPhone.Build.0 = Release|Any CPU
		{A653B957-DAE4-49DC-8039-61FC2642BC2B}.Ad-Hoc|iPhone.Deploy.0 = Release|Any CPU
		{A653B957-DAE4-49DC-8039-61FC2642BC2B}.Ad-Hoc|iPhoneSimulator.ActiveCfg = Release|Any CPU
		{A653B957-DAE4-49DC-8039-61FC2642BC2B}.Ad-Hoc|iPhoneSimulator.Build.0 = Release|Any CPU
		{A653B957-DAE4-49DC-8039-61FC2642BC2B}.Ad-Hoc|iPhoneSimulator.Deploy.0 = Release|Any CPU
		{A653B957-DAE4-49DC-8039-61FC2642BC2B}.Ad-Hoc|x64.ActiveCfg = Release|Any CPU
		{A653B957-DAE4-49DC-8039-61FC2642BC2B}.Ad-Hoc|x64.Build.0 = Release|Any CPU
		{A653B957-DAE4-49DC-8039-61FC2642BC2B}.Ad-Hoc|x64.Deploy.0 = Release|Any CPU
		{A653B957-DAE4-49DC-8039-61FC2642BC2B}.Ad-Hoc|x86.ActiveCfg = Release|Any CPU
		{A653B957-DAE4-49DC-8039-61FC2642BC2B}.Ad-Hoc|x86.Build.0 = Release|Any CPU
		{A653B957-DAE4-49DC-8039-61FC2642BC2B}.Ad-Hoc|x86.Deploy.0 = Release|Any CPU
		{A653B957-DAE4-49DC-8039-61FC2642BC2B}.AppStore|Any CPU.ActiveCfg = Release|Any CPU
		{A653B957-DAE4-49DC-8039-61FC2642BC2B}.AppStore|Any CPU.Build.0 = Release|Any CPU
		{A653B957-DAE4-49DC-8039-61FC2642BC2B}.AppStore|Any CPU.Deploy.0 = Release|Any CPU
		{A653B957-DAE4-49DC-8039-61FC2642BC2B}.AppStore|ARM.ActiveCfg = Release|Any CPU
		{A653B957-DAE4-49DC-8039-61FC2642BC2B}.AppStore|ARM.Build.0 = Release|Any CPU
		{A653B957-DAE4-49DC-8039-61FC2642BC2B}.AppStore|ARM.Deploy.0 = Release|Any CPU
		{A653B957-DAE4-49DC-8039-61FC2642BC2B}.AppStore|iPhone.ActiveCfg = Release|Any CPU
		{A653B957-DAE4-49DC-8039-61FC2642BC2B}.AppStore|iPhone.Build.0 = Release|Any CPU
		{A653B957-DAE4-49DC-8039-61FC2642BC2B}.AppStore|iPhone.Deploy.0 = Release|Any CPU
		{A653B957-DAE4-49DC-8039-61FC2642BC2B}.AppStore|iPhoneSimulator.ActiveCfg = Release|Any CPU
		{A653B957-DAE4-49DC-8039-61FC2642BC2B}.AppStore|iPhoneSimulator.Build.0 = Release|Any CPU
		{A653B957-DAE4-49DC-8039-61FC2642BC2B}.AppStore|iPhoneSimulator.Deploy.0 = Release|Any CPU
		{A653B957-DAE4-49DC-8039-61FC2642BC2B}.AppStore|x64.ActiveCfg = Release|Any CPU
		{A653B957-DAE4-49DC-8039-61FC2642BC2B}.AppStore|x64.Build.0 = Release|Any CPU
		{A653B957-DAE4-49DC-8039-61FC2642BC2B}.AppStore|x64.Deploy.0 = Release|Any CPU
		{A653B957-DAE4-49DC-8039-61FC2642BC2B}.AppStore|x86.ActiveCfg = Release|Any CPU
		{A653B957-DAE4-49DC-8039-61FC2642BC2B}.AppStore|x86.Build.0 = Release|Any CPU
		{A653B957-DAE4-49DC-8039-61FC2642BC2B}.AppStore|x86.Deploy.0 = Release|Any CPU
		{A653B957-DAE4-49DC-8039-61FC2642BC2B}.Debug|Any CPU.ActiveCfg = Debug|Any CPU
		{A653B957-DAE4-49DC-8039-61FC2642BC2B}.Debug|Any CPU.Build.0 = Debug|Any CPU
		{A653B957-DAE4-49DC-8039-61FC2642BC2B}.Debug|Any CPU.Deploy.0 = Debug|Any CPU
		{A653B957-DAE4-49DC-8039-61FC2642BC2B}.Debug|ARM.ActiveCfg = Debug|Any CPU
		{A653B957-DAE4-49DC-8039-61FC2642BC2B}.Debug|ARM.Build.0 = Debug|Any CPU
		{A653B957-DAE4-49DC-8039-61FC2642BC2B}.Debug|ARM.Deploy.0 = Debug|Any CPU
		{A653B957-DAE4-49DC-8039-61FC2642BC2B}.Debug|iPhone.ActiveCfg = Debug|Any CPU
		{A653B957-DAE4-49DC-8039-61FC2642BC2B}.Debug|iPhone.Build.0 = Debug|Any CPU
		{A653B957-DAE4-49DC-8039-61FC2642BC2B}.Debug|iPhone.Deploy.0 = Debug|Any CPU
		{A653B957-DAE4-49DC-8039-61FC2642BC2B}.Debug|iPhoneSimulator.ActiveCfg = Debug|Any CPU
		{A653B957-DAE4-49DC-8039-61FC2642BC2B}.Debug|iPhoneSimulator.Build.0 = Debug|Any CPU
		{A653B957-DAE4-49DC-8039-61FC2642BC2B}.Debug|iPhoneSimulator.Deploy.0 = Debug|Any CPU
		{A653B957-DAE4-49DC-8039-61FC2642BC2B}.Debug|x64.ActiveCfg = Debug|Any CPU
		{A653B957-DAE4-49DC-8039-61FC2642BC2B}.Debug|x64.Build.0 = Debug|Any CPU
		{A653B957-DAE4-49DC-8039-61FC2642BC2B}.Debug|x64.Deploy.0 = Debug|Any CPU
		{A653B957-DAE4-49DC-8039-61FC2642BC2B}.Debug|x86.ActiveCfg = Debug|Any CPU
		{A653B957-DAE4-49DC-8039-61FC2642BC2B}.Debug|x86.Build.0 = Debug|Any CPU
		{A653B957-DAE4-49DC-8039-61FC2642BC2B}.Debug|x86.Deploy.0 = Debug|Any CPU
		{A653B957-DAE4-49DC-8039-61FC2642BC2B}.Release|Any CPU.ActiveCfg = Release|Any CPU
		{A653B957-DAE4-49DC-8039-61FC2642BC2B}.Release|Any CPU.Build.0 = Release|Any CPU
		{A653B957-DAE4-49DC-8039-61FC2642BC2B}.Release|Any CPU.Deploy.0 = Release|Any CPU
		{A653B957-DAE4-49DC-8039-61FC2642BC2B}.Release|ARM.ActiveCfg = Release|Any CPU
		{A653B957-DAE4-49DC-8039-61FC2642BC2B}.Release|ARM.Build.0 = Release|Any CPU
		{A653B957-DAE4-49DC-8039-61FC2642BC2B}.Release|ARM.Deploy.0 = Release|Any CPU
		{A653B957-DAE4-49DC-8039-61FC2642BC2B}.Release|iPhone.ActiveCfg = Release|Any CPU
		{A653B957-DAE4-49DC-8039-61FC2642BC2B}.Release|iPhone.Build.0 = Release|Any CPU
		{A653B957-DAE4-49DC-8039-61FC2642BC2B}.Release|iPhone.Deploy.0 = Release|Any CPU
		{A653B957-DAE4-49DC-8039-61FC2642BC2B}.Release|iPhoneSimulator.ActiveCfg = Release|Any CPU
		{A653B957-DAE4-49DC-8039-61FC2642BC2B}.Release|iPhoneSimulator.Build.0 = Release|Any CPU
		{A653B957-DAE4-49DC-8039-61FC2642BC2B}.Release|iPhoneSimulator.Deploy.0 = Release|Any CPU
		{A653B957-DAE4-49DC-8039-61FC2642BC2B}.Release|x64.ActiveCfg = Release|Any CPU
		{A653B957-DAE4-49DC-8039-61FC2642BC2B}.Release|x64.Build.0 = Release|Any CPU
		{A653B957-DAE4-49DC-8039-61FC2642BC2B}.Release|x64.Deploy.0 = Release|Any CPU
		{A653B957-DAE4-49DC-8039-61FC2642BC2B}.Release|x86.ActiveCfg = Release|Any CPU
		{A653B957-DAE4-49DC-8039-61FC2642BC2B}.Release|x86.Build.0 = Release|Any CPU
		{A653B957-DAE4-49DC-8039-61FC2642BC2B}.Release|x86.Deploy.0 = Release|Any CPU
		{46787BCB-B441-418B-8DDB-0644E167BB74}.Ad-Hoc|Any CPU.ActiveCfg = Ad-Hoc|iPhone
		{46787BCB-B441-418B-8DDB-0644E167BB74}.Ad-Hoc|ARM.ActiveCfg = Ad-Hoc|iPhone
		{46787BCB-B441-418B-8DDB-0644E167BB74}.Ad-Hoc|iPhone.ActiveCfg = Ad-Hoc|iPhone
		{46787BCB-B441-418B-8DDB-0644E167BB74}.Ad-Hoc|iPhone.Build.0 = Ad-Hoc|iPhone
		{46787BCB-B441-418B-8DDB-0644E167BB74}.Ad-Hoc|iPhoneSimulator.ActiveCfg = Ad-Hoc|iPhoneSimulator
		{46787BCB-B441-418B-8DDB-0644E167BB74}.Ad-Hoc|iPhoneSimulator.Build.0 = Ad-Hoc|iPhoneSimulator
		{46787BCB-B441-418B-8DDB-0644E167BB74}.Ad-Hoc|x64.ActiveCfg = Ad-Hoc|iPhone
		{46787BCB-B441-418B-8DDB-0644E167BB74}.Ad-Hoc|x86.ActiveCfg = Ad-Hoc|iPhone
		{46787BCB-B441-418B-8DDB-0644E167BB74}.AppStore|Any CPU.ActiveCfg = AppStore|iPhone
		{46787BCB-B441-418B-8DDB-0644E167BB74}.AppStore|ARM.ActiveCfg = AppStore|iPhone
		{46787BCB-B441-418B-8DDB-0644E167BB74}.AppStore|iPhone.ActiveCfg = AppStore|iPhone
		{46787BCB-B441-418B-8DDB-0644E167BB74}.AppStore|iPhone.Build.0 = AppStore|iPhone
		{46787BCB-B441-418B-8DDB-0644E167BB74}.AppStore|iPhoneSimulator.ActiveCfg = AppStore|iPhoneSimulator
		{46787BCB-B441-418B-8DDB-0644E167BB74}.AppStore|iPhoneSimulator.Build.0 = AppStore|iPhoneSimulator
		{46787BCB-B441-418B-8DDB-0644E167BB74}.AppStore|x64.ActiveCfg = AppStore|iPhone
		{46787BCB-B441-418B-8DDB-0644E167BB74}.AppStore|x86.ActiveCfg = AppStore|iPhone
		{46787BCB-B441-418B-8DDB-0644E167BB74}.Debug|Any CPU.ActiveCfg = Debug|iPhone
		{46787BCB-B441-418B-8DDB-0644E167BB74}.Debug|ARM.ActiveCfg = Debug|iPhone
		{46787BCB-B441-418B-8DDB-0644E167BB74}.Debug|iPhone.ActiveCfg = Debug|iPhone
		{46787BCB-B441-418B-8DDB-0644E167BB74}.Debug|iPhone.Build.0 = Debug|iPhone
		{46787BCB-B441-418B-8DDB-0644E167BB74}.Debug|iPhoneSimulator.ActiveCfg = Debug|iPhoneSimulator
		{46787BCB-B441-418B-8DDB-0644E167BB74}.Debug|iPhoneSimulator.Build.0 = Debug|iPhoneSimulator
		{46787BCB-B441-418B-8DDB-0644E167BB74}.Debug|x64.ActiveCfg = Debug|iPhone
		{46787BCB-B441-418B-8DDB-0644E167BB74}.Debug|x86.ActiveCfg = Debug|iPhone
		{46787BCB-B441-418B-8DDB-0644E167BB74}.Release|Any CPU.ActiveCfg = Release|iPhone
		{46787BCB-B441-418B-8DDB-0644E167BB74}.Release|ARM.ActiveCfg = Release|iPhone
		{46787BCB-B441-418B-8DDB-0644E167BB74}.Release|iPhone.ActiveCfg = Release|iPhone
		{46787BCB-B441-418B-8DDB-0644E167BB74}.Release|iPhone.Build.0 = Release|iPhone
		{46787BCB-B441-418B-8DDB-0644E167BB74}.Release|iPhoneSimulator.ActiveCfg = Release|iPhoneSimulator
		{46787BCB-B441-418B-8DDB-0644E167BB74}.Release|iPhoneSimulator.Build.0 = Release|iPhoneSimulator
		{46787BCB-B441-418B-8DDB-0644E167BB74}.Release|x64.ActiveCfg = Release|iPhone
		{46787BCB-B441-418B-8DDB-0644E167BB74}.Release|x86.ActiveCfg = Release|iPhone
		{A890A1D4-A66B-407F-A358-D08961C1B704}.Ad-Hoc|Any CPU.ActiveCfg = Release|x86
		{A890A1D4-A66B-407F-A358-D08961C1B704}.Ad-Hoc|Any CPU.Build.0 = Release|x86
		{A890A1D4-A66B-407F-A358-D08961C1B704}.Ad-Hoc|Any CPU.Deploy.0 = Release|x86
		{A890A1D4-A66B-407F-A358-D08961C1B704}.Ad-Hoc|ARM.ActiveCfg = Release|ARM
		{A890A1D4-A66B-407F-A358-D08961C1B704}.Ad-Hoc|ARM.Build.0 = Release|ARM
		{A890A1D4-A66B-407F-A358-D08961C1B704}.Ad-Hoc|ARM.Deploy.0 = Release|ARM
		{A890A1D4-A66B-407F-A358-D08961C1B704}.Ad-Hoc|iPhone.ActiveCfg = Release|x86
		{A890A1D4-A66B-407F-A358-D08961C1B704}.Ad-Hoc|iPhone.Build.0 = Release|x86
		{A890A1D4-A66B-407F-A358-D08961C1B704}.Ad-Hoc|iPhone.Deploy.0 = Release|x86
		{A890A1D4-A66B-407F-A358-D08961C1B704}.Ad-Hoc|iPhoneSimulator.ActiveCfg = Release|x86
		{A890A1D4-A66B-407F-A358-D08961C1B704}.Ad-Hoc|iPhoneSimulator.Build.0 = Release|x86
		{A890A1D4-A66B-407F-A358-D08961C1B704}.Ad-Hoc|iPhoneSimulator.Deploy.0 = Release|x86
		{A890A1D4-A66B-407F-A358-D08961C1B704}.Ad-Hoc|x64.ActiveCfg = Release|x64
		{A890A1D4-A66B-407F-A358-D08961C1B704}.Ad-Hoc|x64.Build.0 = Release|x64
		{A890A1D4-A66B-407F-A358-D08961C1B704}.Ad-Hoc|x64.Deploy.0 = Release|x64
		{A890A1D4-A66B-407F-A358-D08961C1B704}.Ad-Hoc|x86.ActiveCfg = Release|x86
		{A890A1D4-A66B-407F-A358-D08961C1B704}.Ad-Hoc|x86.Build.0 = Release|x86
		{A890A1D4-A66B-407F-A358-D08961C1B704}.Ad-Hoc|x86.Deploy.0 = Release|x86
		{A890A1D4-A66B-407F-A358-D08961C1B704}.AppStore|Any CPU.ActiveCfg = Release|x86
		{A890A1D4-A66B-407F-A358-D08961C1B704}.AppStore|Any CPU.Build.0 = Release|x86
		{A890A1D4-A66B-407F-A358-D08961C1B704}.AppStore|Any CPU.Deploy.0 = Release|x86
		{A890A1D4-A66B-407F-A358-D08961C1B704}.AppStore|ARM.ActiveCfg = Release|ARM
		{A890A1D4-A66B-407F-A358-D08961C1B704}.AppStore|ARM.Build.0 = Release|ARM
		{A890A1D4-A66B-407F-A358-D08961C1B704}.AppStore|ARM.Deploy.0 = Release|ARM
		{A890A1D4-A66B-407F-A358-D08961C1B704}.AppStore|iPhone.ActiveCfg = Release|x86
		{A890A1D4-A66B-407F-A358-D08961C1B704}.AppStore|iPhone.Build.0 = Release|x86
		{A890A1D4-A66B-407F-A358-D08961C1B704}.AppStore|iPhone.Deploy.0 = Release|x86
		{A890A1D4-A66B-407F-A358-D08961C1B704}.AppStore|iPhoneSimulator.ActiveCfg = Release|x86
		{A890A1D4-A66B-407F-A358-D08961C1B704}.AppStore|iPhoneSimulator.Build.0 = Release|x86
		{A890A1D4-A66B-407F-A358-D08961C1B704}.AppStore|iPhoneSimulator.Deploy.0 = Release|x86
		{A890A1D4-A66B-407F-A358-D08961C1B704}.AppStore|x64.ActiveCfg = Release|x64
		{A890A1D4-A66B-407F-A358-D08961C1B704}.AppStore|x64.Build.0 = Release|x64
		{A890A1D4-A66B-407F-A358-D08961C1B704}.AppStore|x64.Deploy.0 = Release|x64
		{A890A1D4-A66B-407F-A358-D08961C1B704}.AppStore|x86.ActiveCfg = Release|x86
		{A890A1D4-A66B-407F-A358-D08961C1B704}.AppStore|x86.Build.0 = Release|x86
		{A890A1D4-A66B-407F-A358-D08961C1B704}.AppStore|x86.Deploy.0 = Release|x86
		{A890A1D4-A66B-407F-A358-D08961C1B704}.Debug|Any CPU.ActiveCfg = Debug|x86
		{A890A1D4-A66B-407F-A358-D08961C1B704}.Debug|ARM.ActiveCfg = Debug|ARM
		{A890A1D4-A66B-407F-A358-D08961C1B704}.Debug|ARM.Build.0 = Debug|ARM
		{A890A1D4-A66B-407F-A358-D08961C1B704}.Debug|ARM.Deploy.0 = Debug|ARM
		{A890A1D4-A66B-407F-A358-D08961C1B704}.Debug|iPhone.ActiveCfg = Debug|x86
		{A890A1D4-A66B-407F-A358-D08961C1B704}.Debug|iPhoneSimulator.ActiveCfg = Debug|x86
		{A890A1D4-A66B-407F-A358-D08961C1B704}.Debug|x64.ActiveCfg = Debug|x64
		{A890A1D4-A66B-407F-A358-D08961C1B704}.Debug|x64.Build.0 = Debug|x64
		{A890A1D4-A66B-407F-A358-D08961C1B704}.Debug|x64.Deploy.0 = Debug|x64
		{A890A1D4-A66B-407F-A358-D08961C1B704}.Debug|x86.ActiveCfg = Debug|x86
		{A890A1D4-A66B-407F-A358-D08961C1B704}.Debug|x86.Build.0 = Debug|x86
		{A890A1D4-A66B-407F-A358-D08961C1B704}.Debug|x86.Deploy.0 = Debug|x86
		{A890A1D4-A66B-407F-A358-D08961C1B704}.Release|Any CPU.ActiveCfg = Release|x86
		{A890A1D4-A66B-407F-A358-D08961C1B704}.Release|ARM.ActiveCfg = Release|ARM
		{A890A1D4-A66B-407F-A358-D08961C1B704}.Release|ARM.Build.0 = Release|ARM
		{A890A1D4-A66B-407F-A358-D08961C1B704}.Release|ARM.Deploy.0 = Release|ARM
		{A890A1D4-A66B-407F-A358-D08961C1B704}.Release|iPhone.ActiveCfg = Release|x86
		{A890A1D4-A66B-407F-A358-D08961C1B704}.Release|iPhoneSimulator.ActiveCfg = Release|x86
		{A890A1D4-A66B-407F-A358-D08961C1B704}.Release|x64.ActiveCfg = Release|x64
		{A890A1D4-A66B-407F-A358-D08961C1B704}.Release|x64.Build.0 = Release|x64
		{A890A1D4-A66B-407F-A358-D08961C1B704}.Release|x64.Deploy.0 = Release|x64
		{A890A1D4-A66B-407F-A358-D08961C1B704}.Release|x86.ActiveCfg = Release|x86
		{A890A1D4-A66B-407F-A358-D08961C1B704}.Release|x86.Build.0 = Release|x86
		{A890A1D4-A66B-407F-A358-D08961C1B704}.Release|x86.Deploy.0 = Release|x86
		{ABA690F1-DA06-42B1-B3BE-03F857386EA7}.Ad-Hoc|Any CPU.ActiveCfg = Release|Any CPU
		{ABA690F1-DA06-42B1-B3BE-03F857386EA7}.Ad-Hoc|Any CPU.Build.0 = Release|Any CPU
		{ABA690F1-DA06-42B1-B3BE-03F857386EA7}.Ad-Hoc|ARM.ActiveCfg = Release|Any CPU
		{ABA690F1-DA06-42B1-B3BE-03F857386EA7}.Ad-Hoc|ARM.Build.0 = Release|Any CPU
		{ABA690F1-DA06-42B1-B3BE-03F857386EA7}.Ad-Hoc|iPhone.ActiveCfg = Release|Any CPU
		{ABA690F1-DA06-42B1-B3BE-03F857386EA7}.Ad-Hoc|iPhone.Build.0 = Release|Any CPU
		{ABA690F1-DA06-42B1-B3BE-03F857386EA7}.Ad-Hoc|iPhoneSimulator.ActiveCfg = Release|Any CPU
		{ABA690F1-DA06-42B1-B3BE-03F857386EA7}.Ad-Hoc|iPhoneSimulator.Build.0 = Release|Any CPU
		{ABA690F1-DA06-42B1-B3BE-03F857386EA7}.Ad-Hoc|x64.ActiveCfg = Release|Any CPU
		{ABA690F1-DA06-42B1-B3BE-03F857386EA7}.Ad-Hoc|x64.Build.0 = Release|Any CPU
		{ABA690F1-DA06-42B1-B3BE-03F857386EA7}.Ad-Hoc|x86.ActiveCfg = Release|Any CPU
		{ABA690F1-DA06-42B1-B3BE-03F857386EA7}.Ad-Hoc|x86.Build.0 = Release|Any CPU
		{ABA690F1-DA06-42B1-B3BE-03F857386EA7}.AppStore|Any CPU.ActiveCfg = Release|Any CPU
		{ABA690F1-DA06-42B1-B3BE-03F857386EA7}.AppStore|Any CPU.Build.0 = Release|Any CPU
		{ABA690F1-DA06-42B1-B3BE-03F857386EA7}.AppStore|ARM.ActiveCfg = Release|Any CPU
		{ABA690F1-DA06-42B1-B3BE-03F857386EA7}.AppStore|ARM.Build.0 = Release|Any CPU
		{ABA690F1-DA06-42B1-B3BE-03F857386EA7}.AppStore|iPhone.ActiveCfg = Release|Any CPU
		{ABA690F1-DA06-42B1-B3BE-03F857386EA7}.AppStore|iPhone.Build.0 = Release|Any CPU
		{ABA690F1-DA06-42B1-B3BE-03F857386EA7}.AppStore|iPhoneSimulator.ActiveCfg = Release|Any CPU
		{ABA690F1-DA06-42B1-B3BE-03F857386EA7}.AppStore|iPhoneSimulator.Build.0 = Release|Any CPU
		{ABA690F1-DA06-42B1-B3BE-03F857386EA7}.AppStore|x64.ActiveCfg = Release|Any CPU
		{ABA690F1-DA06-42B1-B3BE-03F857386EA7}.AppStore|x64.Build.0 = Release|Any CPU
		{ABA690F1-DA06-42B1-B3BE-03F857386EA7}.AppStore|x86.ActiveCfg = Release|Any CPU
		{ABA690F1-DA06-42B1-B3BE-03F857386EA7}.AppStore|x86.Build.0 = Release|Any CPU
		{ABA690F1-DA06-42B1-B3BE-03F857386EA7}.Debug|Any CPU.ActiveCfg = Debug|Any CPU
		{ABA690F1-DA06-42B1-B3BE-03F857386EA7}.Debug|Any CPU.Build.0 = Debug|Any CPU
		{ABA690F1-DA06-42B1-B3BE-03F857386EA7}.Debug|ARM.ActiveCfg = Debug|Any CPU
		{ABA690F1-DA06-42B1-B3BE-03F857386EA7}.Debug|ARM.Build.0 = Debug|Any CPU
		{ABA690F1-DA06-42B1-B3BE-03F857386EA7}.Debug|iPhone.ActiveCfg = Debug|Any CPU
		{ABA690F1-DA06-42B1-B3BE-03F857386EA7}.Debug|iPhone.Build.0 = Debug|Any CPU
		{ABA690F1-DA06-42B1-B3BE-03F857386EA7}.Debug|iPhoneSimulator.ActiveCfg = Debug|Any CPU
		{ABA690F1-DA06-42B1-B3BE-03F857386EA7}.Debug|iPhoneSimulator.Build.0 = Debug|Any CPU
		{ABA690F1-DA06-42B1-B3BE-03F857386EA7}.Debug|x64.ActiveCfg = Debug|Any CPU
		{ABA690F1-DA06-42B1-B3BE-03F857386EA7}.Debug|x64.Build.0 = Debug|Any CPU
		{ABA690F1-DA06-42B1-B3BE-03F857386EA7}.Debug|x86.ActiveCfg = Debug|Any CPU
		{ABA690F1-DA06-42B1-B3BE-03F857386EA7}.Debug|x86.Build.0 = Debug|Any CPU
		{ABA690F1-DA06-42B1-B3BE-03F857386EA7}.Release|Any CPU.ActiveCfg = Release|Any CPU
		{ABA690F1-DA06-42B1-B3BE-03F857386EA7}.Release|Any CPU.Build.0 = Release|Any CPU
		{ABA690F1-DA06-42B1-B3BE-03F857386EA7}.Release|ARM.ActiveCfg = Release|Any CPU
		{ABA690F1-DA06-42B1-B3BE-03F857386EA7}.Release|ARM.Build.0 = Release|Any CPU
		{ABA690F1-DA06-42B1-B3BE-03F857386EA7}.Release|iPhone.ActiveCfg = Release|Any CPU
		{ABA690F1-DA06-42B1-B3BE-03F857386EA7}.Release|iPhone.Build.0 = Release|Any CPU
		{ABA690F1-DA06-42B1-B3BE-03F857386EA7}.Release|iPhoneSimulator.ActiveCfg = Release|Any CPU
		{ABA690F1-DA06-42B1-B3BE-03F857386EA7}.Release|iPhoneSimulator.Build.0 = Release|Any CPU
		{ABA690F1-DA06-42B1-B3BE-03F857386EA7}.Release|x64.ActiveCfg = Release|Any CPU
		{ABA690F1-DA06-42B1-B3BE-03F857386EA7}.Release|x64.Build.0 = Release|Any CPU
		{ABA690F1-DA06-42B1-B3BE-03F857386EA7}.Release|x86.ActiveCfg = Release|Any CPU
		{ABA690F1-DA06-42B1-B3BE-03F857386EA7}.Release|x86.Build.0 = Release|Any CPU
		{D6998195-076C-4765-9BEE-460923652081}.Ad-Hoc|Any CPU.ActiveCfg = Release|Any CPU
		{D6998195-076C-4765-9BEE-460923652081}.Ad-Hoc|Any CPU.Build.0 = Release|Any CPU
		{D6998195-076C-4765-9BEE-460923652081}.Ad-Hoc|ARM.ActiveCfg = Release|Any CPU
		{D6998195-076C-4765-9BEE-460923652081}.Ad-Hoc|ARM.Build.0 = Release|Any CPU
		{D6998195-076C-4765-9BEE-460923652081}.Ad-Hoc|iPhone.ActiveCfg = Release|Any CPU
		{D6998195-076C-4765-9BEE-460923652081}.Ad-Hoc|iPhone.Build.0 = Release|Any CPU
		{D6998195-076C-4765-9BEE-460923652081}.Ad-Hoc|iPhoneSimulator.ActiveCfg = Release|Any CPU
		{D6998195-076C-4765-9BEE-460923652081}.Ad-Hoc|iPhoneSimulator.Build.0 = Release|Any CPU
		{D6998195-076C-4765-9BEE-460923652081}.Ad-Hoc|x64.ActiveCfg = Release|Any CPU
		{D6998195-076C-4765-9BEE-460923652081}.Ad-Hoc|x64.Build.0 = Release|Any CPU
		{D6998195-076C-4765-9BEE-460923652081}.Ad-Hoc|x86.ActiveCfg = Release|Any CPU
		{D6998195-076C-4765-9BEE-460923652081}.Ad-Hoc|x86.Build.0 = Release|Any CPU
		{D6998195-076C-4765-9BEE-460923652081}.AppStore|Any CPU.ActiveCfg = Release|Any CPU
		{D6998195-076C-4765-9BEE-460923652081}.AppStore|Any CPU.Build.0 = Release|Any CPU
		{D6998195-076C-4765-9BEE-460923652081}.AppStore|ARM.ActiveCfg = Release|Any CPU
		{D6998195-076C-4765-9BEE-460923652081}.AppStore|ARM.Build.0 = Release|Any CPU
		{D6998195-076C-4765-9BEE-460923652081}.AppStore|iPhone.ActiveCfg = Release|Any CPU
		{D6998195-076C-4765-9BEE-460923652081}.AppStore|iPhone.Build.0 = Release|Any CPU
		{D6998195-076C-4765-9BEE-460923652081}.AppStore|iPhoneSimulator.ActiveCfg = Release|Any CPU
		{D6998195-076C-4765-9BEE-460923652081}.AppStore|iPhoneSimulator.Build.0 = Release|Any CPU
		{D6998195-076C-4765-9BEE-460923652081}.AppStore|x64.ActiveCfg = Release|Any CPU
		{D6998195-076C-4765-9BEE-460923652081}.AppStore|x64.Build.0 = Release|Any CPU
		{D6998195-076C-4765-9BEE-460923652081}.AppStore|x86.ActiveCfg = Release|Any CPU
		{D6998195-076C-4765-9BEE-460923652081}.AppStore|x86.Build.0 = Release|Any CPU
		{D6998195-076C-4765-9BEE-460923652081}.Debug|Any CPU.ActiveCfg = Debug|Any CPU
		{D6998195-076C-4765-9BEE-460923652081}.Debug|Any CPU.Build.0 = Debug|Any CPU
		{D6998195-076C-4765-9BEE-460923652081}.Debug|ARM.ActiveCfg = Debug|Any CPU
		{D6998195-076C-4765-9BEE-460923652081}.Debug|ARM.Build.0 = Debug|Any CPU
		{D6998195-076C-4765-9BEE-460923652081}.Debug|iPhone.ActiveCfg = Debug|Any CPU
		{D6998195-076C-4765-9BEE-460923652081}.Debug|iPhone.Build.0 = Debug|Any CPU
		{D6998195-076C-4765-9BEE-460923652081}.Debug|iPhoneSimulator.ActiveCfg = Debug|Any CPU
		{D6998195-076C-4765-9BEE-460923652081}.Debug|iPhoneSimulator.Build.0 = Debug|Any CPU
		{D6998195-076C-4765-9BEE-460923652081}.Debug|x64.ActiveCfg = Debug|Any CPU
		{D6998195-076C-4765-9BEE-460923652081}.Debug|x64.Build.0 = Debug|Any CPU
		{D6998195-076C-4765-9BEE-460923652081}.Debug|x86.ActiveCfg = Debug|Any CPU
		{D6998195-076C-4765-9BEE-460923652081}.Debug|x86.Build.0 = Debug|Any CPU
		{D6998195-076C-4765-9BEE-460923652081}.Release|Any CPU.ActiveCfg = Release|Any CPU
		{D6998195-076C-4765-9BEE-460923652081}.Release|Any CPU.Build.0 = Release|Any CPU
		{D6998195-076C-4765-9BEE-460923652081}.Release|ARM.ActiveCfg = Release|Any CPU
		{D6998195-076C-4765-9BEE-460923652081}.Release|ARM.Build.0 = Release|Any CPU
		{D6998195-076C-4765-9BEE-460923652081}.Release|iPhone.ActiveCfg = Release|Any CPU
		{D6998195-076C-4765-9BEE-460923652081}.Release|iPhone.Build.0 = Release|Any CPU
		{D6998195-076C-4765-9BEE-460923652081}.Release|iPhoneSimulator.ActiveCfg = Release|Any CPU
		{D6998195-076C-4765-9BEE-460923652081}.Release|iPhoneSimulator.Build.0 = Release|Any CPU
		{D6998195-076C-4765-9BEE-460923652081}.Release|x64.ActiveCfg = Release|Any CPU
		{D6998195-076C-4765-9BEE-460923652081}.Release|x64.Build.0 = Release|Any CPU
		{D6998195-076C-4765-9BEE-460923652081}.Release|x86.ActiveCfg = Release|Any CPU
		{D6998195-076C-4765-9BEE-460923652081}.Release|x86.Build.0 = Release|Any CPU
	EndGlobalSection
	GlobalSection(SolutionProperties) = preSolution
		HideSolutionNode = FALSE
	EndGlobalSection
	GlobalSection(NestedProjects) = preSolution
		{96E0FBDC-7645-4BFD-8D20-657A17C96E72} = {244CC753-DE38-4E87-971C-236AC8F863D5}
		{F5AADD1B-6A8A-4B26-AA8E-220A569EAEE1} = {244CC753-DE38-4E87-971C-236AC8F863D5}
		{1F42882E-754F-4D4B-8370-204D4F849B1F} = {5CF25FAB-DE07-42CB-8A04-7676E883A6E0}
		{5A023BC9-848B-49ED-A85C-BAB1C9A328CD} = {5CF25FAB-DE07-42CB-8A04-7676E883A6E0}
		{A653B957-DAE4-49DC-8039-61FC2642BC2B} = {5CF25FAB-DE07-42CB-8A04-7676E883A6E0}
		{46787BCB-B441-418B-8DDB-0644E167BB74} = {5CF25FAB-DE07-42CB-8A04-7676E883A6E0}
		{A890A1D4-A66B-407F-A358-D08961C1B704} = {5CF25FAB-DE07-42CB-8A04-7676E883A6E0}
		{ABA690F1-DA06-42B1-B3BE-03F857386EA7} = {F107E4CA-4572-42F9-88F2-F668FAF9A6A6}
		{D6998195-076C-4765-9BEE-460923652081} = {244CC753-DE38-4E87-971C-236AC8F863D5}
	EndGlobalSection
EndGlobal
